
Microsoft Visual Studio Solution File, Format Version 12.00
# Visual Studio Version 17
VisualStudioVersion = 17.12.35527.113 d17.12
MinimumVisualStudioVersion = 10.0.40219.1
Project("{FAE04EC0-301F-11D3-BF4B-00C04F79EFBC}") = "Mission_3_food_bank", "Mission_3_food_bank.csproj", "{1AC36BAD-1DDF-425C-A3B0-009464AA43DB}"
EndProject
Global
	GlobalSection(SolutionConfigurationPlatforms) = preSolution
		Debug|Any CPU = Debug|Any CPU
		Release|Any CPU = Release|Any CPU
	EndGlobalSection
	GlobalSection(ProjectConfigurationPlatforms) = postSolution
		{1AC36BAD-1DDF-425C-A3B0-009464AA43DB}.Debug|Any CPU.ActiveCfg = Debug|Any CPU
		{1AC36BAD-1DDF-425C-A3B0-009464AA43DB}.Debug|Any CPU.Build.0 = Debug|Any CPU
		{1AC36BAD-1DDF-425C-A3B0-009464AA43DB}.Release|Any CPU.ActiveCfg = Release|Any CPU
		{1AC36BAD-1DDF-425C-A3B0-009464AA43DB}.Release|Any CPU.Build.0 = Release|Any CPU
	EndGlobalSection
	GlobalSection(SolutionProperties) = preSolution
		HideSolutionNode = FALSE
	EndGlobalSection
EndGlobal
